
Microsoft Visual Studio Solution File, Format Version 12.00
# Visual Studio 15
VisualStudioVersion = 15.0.28307.572
MinimumVisualStudioVersion = 10.0.40219.1
Project("{FAE04EC0-301F-11D3-BF4B-00C04F79EFBC}") = "SaveBinaryFilesInXamarin.Android", "SaveBinaryFilesInXamarin\SaveBinaryFilesInXamarin.Android\SaveBinaryFilesInXamarin.Android.csproj", "{81C242C3-4BBB-43DF-8835-34D029C39B4E}"
EndProject
Project("{FAE04EC0-301F-11D3-BF4B-00C04F79EFBC}") = "SaveBinaryFilesInXamarin.iOS", "SaveBinaryFilesInXamarin\SaveBinaryFilesInXamarin.iOS\SaveBinaryFilesInXamarin.iOS.csproj", "{6CC20DEE-5C1D-40F4-8A82-70BC5F1DA6F6}"
EndProject
Project("{FAE04EC0-301F-11D3-BF4B-00C04F79EFBC}") = "SaveBinaryFilesInXamarin.UWP", "SaveBinaryFilesInXamarin\SaveBinaryFilesInXamarin.UWP\SaveBinaryFilesInXamarin.UWP.csproj", "{9E52C8B0-F618-4D42-8766-EE8A18CE33E5}"
EndProject
Project("{FAE04EC0-301F-11D3-BF4B-00C04F79EFBC}") = "SaveBinaryFilesInXamarin", "SaveBinaryFilesInXamarin\SaveBinaryFilesInXamarin\SaveBinaryFilesInXamarin.csproj", "{40F6BBF6-F6F0-46A6-85A4-1A02D531DBE9}"
EndProject
Global
	GlobalSection(SolutionConfigurationPlatforms) = preSolution
		Ad-Hoc|Any CPU = Ad-Hoc|Any CPU
		Ad-Hoc|ARM = Ad-Hoc|ARM
		Ad-Hoc|iPhone = Ad-Hoc|iPhone
		Ad-Hoc|iPhoneSimulator = Ad-Hoc|iPhoneSimulator
		Ad-Hoc|x64 = Ad-Hoc|x64
		Ad-Hoc|x86 = Ad-Hoc|x86
		AppStore|Any CPU = AppStore|Any CPU
		AppStore|ARM = AppStore|ARM
		AppStore|iPhone = AppStore|iPhone
		AppStore|iPhoneSimulator = AppStore|iPhoneSimulator
		AppStore|x64 = AppStore|x64
		AppStore|x86 = AppStore|x86
		Debug|Any CPU = Debug|Any CPU
		Debug|ARM = Debug|ARM
		Debug|iPhone = Debug|iPhone
		Debug|iPhoneSimulator = Debug|iPhoneSimulator
		Debug|x64 = Debug|x64
		Debug|x86 = Debug|x86
		Release|Any CPU = Release|Any CPU
		Release|ARM = Release|ARM
		Release|iPhone = Release|iPhone
		Release|iPhoneSimulator = Release|iPhoneSimulator
		Release|x64 = Release|x64
		Release|x86 = Release|x86
	EndGlobalSection
	GlobalSection(ProjectConfigurationPlatforms) = postSolution
		{81C242C3-4BBB-43DF-8835-34D029C39B4E}.Ad-Hoc|Any CPU.ActiveCfg = Release|Any CPU
		{81C242C3-4BBB-43DF-8835-34D029C39B4E}.Ad-Hoc|Any CPU.Build.0 = Release|Any CPU
		{81C242C3-4BBB-43DF-8835-34D029C39B4E}.Ad-Hoc|Any CPU.Deploy.0 = Release|Any CPU
		{81C242C3-4BBB-43DF-8835-34D029C39B4E}.Ad-Hoc|ARM.ActiveCfg = Release|Any CPU
		{81C242C3-4BBB-43DF-8835-34D029C39B4E}.Ad-Hoc|ARM.Build.0 = Release|Any CPU
		{81C242C3-4BBB-43DF-8835-34D029C39B4E}.Ad-Hoc|ARM.Deploy.0 = Release|Any CPU
		{81C242C3-4BBB-43DF-8835-34D029C39B4E}.Ad-Hoc|iPhone.ActiveCfg = Release|Any CPU
		{81C242C3-4BBB-43DF-8835-34D029C39B4E}.Ad-Hoc|iPhone.Build.0 = Release|Any CPU
		{81C242C3-4BBB-43DF-8835-34D029C39B4E}.Ad-Hoc|iPhone.Deploy.0 = Release|Any CPU
		{81C242C3-4BBB-43DF-8835-34D029C39B4E}.Ad-Hoc|iPhoneSimulator.ActiveCfg = Release|Any CPU
		{81C242C3-4BBB-43DF-8835-34D029C39B4E}.Ad-Hoc|iPhoneSimulator.Build.0 = Release|Any CPU
		{81C242C3-4BBB-43DF-8835-34D029C39B4E}.Ad-Hoc|iPhoneSimulator.Deploy.0 = Release|Any CPU
		{81C242C3-4BBB-43DF-8835-34D029C39B4E}.Ad-Hoc|x64.ActiveCfg = Release|Any CPU
		{81C242C3-4BBB-43DF-8835-34D029C39B4E}.Ad-Hoc|x64.Build.0 = Release|Any CPU
		{81C242C3-4BBB-43DF-8835-34D029C39B4E}.Ad-Hoc|x64.Deploy.0 = Release|Any CPU
		{81C242C3-4BBB-43DF-8835-34D029C39B4E}.Ad-Hoc|x86.ActiveCfg = Release|Any CPU
		{81C242C3-4BBB-43DF-8835-34D029C39B4E}.Ad-Hoc|x86.Build.0 = Release|Any CPU
		{81C242C3-4BBB-43DF-8835-34D029C39B4E}.Ad-Hoc|x86.Deploy.0 = Release|Any CPU
		{81C242C3-4BBB-43DF-8835-34D029C39B4E}.AppStore|Any CPU.ActiveCfg = Release|Any CPU
		{81C242C3-4BBB-43DF-8835-34D029C39B4E}.AppStore|Any CPU.Build.0 = Release|Any CPU
		{81C242C3-4BBB-43DF-8835-34D029C39B4E}.AppStore|Any CPU.Deploy.0 = Release|Any CPU
		{81C242C3-4BBB-43DF-8835-34D029C39B4E}.AppStore|ARM.ActiveCfg = Release|Any CPU
		{81C242C3-4BBB-43DF-8835-34D029C39B4E}.AppStore|ARM.Build.0 = Release|Any CPU
		{81C242C3-4BBB-43DF-8835-34D029C39B4E}.AppStore|ARM.Deploy.0 = Release|Any CPU
		{81C242C3-4BBB-43DF-8835-34D029C39B4E}.AppStore|iPhone.ActiveCfg = Release|Any CPU
		{81C242C3-4BBB-43DF-8835-34D029C39B4E}.AppStore|iPhone.Build.0 = Release|Any CPU
		{81C242C3-4BBB-43DF-8835-34D029C39B4E}.AppStore|iPhone.Deploy.0 = Release|Any CPU
		{81C242C3-4BBB-43DF-8835-34D029C39B4E}.AppStore|iPhoneSimulator.ActiveCfg = Release|Any CPU
		{81C242C3-4BBB-43DF-8835-34D029C39B4E}.AppStore|iPhoneSimulator.Build.0 = Release|Any CPU
		{81C242C3-4BBB-43DF-8835-34D029C39B4E}.AppStore|iPhoneSimulator.Deploy.0 = Release|Any CPU
		{81C242C3-4BBB-43DF-8835-34D029C39B4E}.AppStore|x64.ActiveCfg = Release|Any CPU
		{81C242C3-4BBB-43DF-8835-34D029C39B4E}.AppStore|x64.Build.0 = Release|Any CPU
		{81C242C3-4BBB-43DF-8835-34D029C39B4E}.AppStore|x64.Deploy.0 = Release|Any CPU
		{81C242C3-4BBB-43DF-8835-34D029C39B4E}.AppStore|x86.ActiveCfg = Release|Any CPU
		{81C242C3-4BBB-43DF-8835-34D029C39B4E}.AppStore|x86.Build.0 = Release|Any CPU
		{81C242C3-4BBB-43DF-8835-34D029C39B4E}.AppStore|x86.Deploy.0 = Release|Any CPU
		{81C242C3-4BBB-43DF-8835-34D029C39B4E}.Debug|Any CPU.ActiveCfg = Debug|Any CPU
		{81C242C3-4BBB-43DF-8835-34D029C39B4E}.Debug|Any CPU.Build.0 = Debug|Any CPU
		{81C242C3-4BBB-43DF-8835-34D029C39B4E}.Debug|Any CPU.Deploy.0 = Debug|Any CPU
		{81C242C3-4BBB-43DF-8835-34D029C39B4E}.Debug|ARM.ActiveCfg = Debug|Any CPU
		{81C242C3-4BBB-43DF-8835-34D029C39B4E}.Debug|ARM.Build.0 = Debug|Any CPU
		{81C242C3-4BBB-43DF-8835-34D029C39B4E}.Debug|ARM.Deploy.0 = Debug|Any CPU
		{81C242C3-4BBB-43DF-8835-34D029C39B4E}.Debug|iPhone.ActiveCfg = Debug|Any CPU
		{81C242C3-4BBB-43DF-8835-34D029C39B4E}.Debug|iPhone.Build.0 = Debug|Any CPU
		{81C242C3-4BBB-43DF-8835-34D029C39B4E}.Debug|iPhone.Deploy.0 = Debug|Any CPU
		{81C242C3-4BBB-43DF-8835-34D029C39B4E}.Debug|iPhoneSimulator.ActiveCfg = Debug|Any CPU
		{81C242C3-4BBB-43DF-8835-34D029C39B4E}.Debug|iPhoneSimulator.Build.0 = Debug|Any CPU
		{81C242C3-4BBB-43DF-8835-34D029C39B4E}.Debug|iPhoneSimulator.Deploy.0 = Debug|Any CPU
		{81C242C3-4BBB-43DF-8835-34D029C39B4E}.Debug|x64.ActiveCfg = Debug|Any CPU
		{81C242C3-4BBB-43DF-8835-34D029C39B4E}.Debug|x64.Build.0 = Debug|Any CPU
		{81C242C3-4BBB-43DF-8835-34D029C39B4E}.Debug|x64.Deploy.0 = Debug|Any CPU
		{81C242C3-4BBB-43DF-8835-34D029C39B4E}.Debug|x86.ActiveCfg = Debug|Any CPU
		{81C242C3-4BBB-43DF-8835-34D029C39B4E}.Debug|x86.Build.0 = Debug|Any CPU
		{81C242C3-4BBB-43DF-8835-34D029C39B4E}.Debug|x86.Deploy.0 = Debug|Any CPU
		{81C242C3-4BBB-43DF-8835-34D029C39B4E}.Release|Any CPU.ActiveCfg = Release|Any CPU
		{81C242C3-4BBB-43DF-8835-34D029C39B4E}.Release|Any CPU.Build.0 = Release|Any CPU
		{81C242C3-4BBB-43DF-8835-34D029C39B4E}.Release|Any CPU.Deploy.0 = Release|Any CPU
		{81C242C3-4BBB-43DF-8835-34D029C39B4E}.Release|ARM.ActiveCfg = Release|Any CPU
		{81C242C3-4BBB-43DF-8835-34D029C39B4E}.Release|ARM.Build.0 = Release|Any CPU
		{81C242C3-4BBB-43DF-8835-34D029C39B4E}.Release|ARM.Deploy.0 = Release|Any CPU
		{81C242C3-4BBB-43DF-8835-34D029C39B4E}.Release|iPhone.ActiveCfg = Release|Any CPU
		{81C242C3-4BBB-43DF-8835-34D029C39B4E}.Release|iPhone.Build.0 = Release|Any CPU
		{81C242C3-4BBB-43DF-8835-34D029C39B4E}.Release|iPhone.Deploy.0 = Release|Any CPU
		{81C242C3-4BBB-43DF-8835-34D029C39B4E}.Release|iPhoneSimulator.ActiveCfg = Release|Any CPU
		{81C242C3-4BBB-43DF-8835-34D029C39B4E}.Release|iPhoneSimulator.Build.0 = Release|Any CPU
		{81C242C3-4BBB-43DF-8835-34D029C39B4E}.Release|iPhoneSimulator.Deploy.0 = Release|Any CPU
		{81C242C3-4BBB-43DF-8835-34D029C39B4E}.Release|x64.ActiveCfg = Release|Any CPU
		{81C242C3-4BBB-43DF-8835-34D029C39B4E}.Release|x64.Build.0 = Release|Any CPU
		{81C242C3-4BBB-43DF-8835-34D029C39B4E}.Release|x64.Deploy.0 = Release|Any CPU
		{81C242C3-4BBB-43DF-8835-34D029C39B4E}.Release|x86.ActiveCfg = Release|Any CPU
		{81C242C3-4BBB-43DF-8835-34D029C39B4E}.Release|x86.Build.0 = Release|Any CPU
		{81C242C3-4BBB-43DF-8835-34D029C39B4E}.Release|x86.Deploy.0 = Release|Any CPU
		{6CC20DEE-5C1D-40F4-8A82-70BC5F1DA6F6}.Ad-Hoc|Any CPU.ActiveCfg = Ad-Hoc|iPhone
		{6CC20DEE-5C1D-40F4-8A82-70BC5F1DA6F6}.Ad-Hoc|Any CPU.Build.0 = Ad-Hoc|iPhone
		{6CC20DEE-5C1D-40F4-8A82-70BC5F1DA6F6}.Ad-Hoc|Any CPU.Deploy.0 = Ad-Hoc|iPhone
		{6CC20DEE-5C1D-40F4-8A82-70BC5F1DA6F6}.Ad-Hoc|ARM.ActiveCfg = Ad-Hoc|iPhone
		{6CC20DEE-5C1D-40F4-8A82-70BC5F1DA6F6}.Ad-Hoc|ARM.Build.0 = Ad-Hoc|iPhone
		{6CC20DEE-5C1D-40F4-8A82-70BC5F1DA6F6}.Ad-Hoc|ARM.Deploy.0 = Ad-Hoc|iPhone
		{6CC20DEE-5C1D-40F4-8A82-70BC5F1DA6F6}.Ad-Hoc|iPhone.ActiveCfg = Ad-Hoc|iPhone
		{6CC20DEE-5C1D-40F4-8A82-70BC5F1DA6F6}.Ad-Hoc|iPhone.Build.0 = Ad-Hoc|iPhone
		{6CC20DEE-5C1D-40F4-8A82-70BC5F1DA6F6}.Ad-Hoc|iPhone.Deploy.0 = Ad-Hoc|iPhone
		{6CC20DEE-5C1D-40F4-8A82-70BC5F1DA6F6}.Ad-Hoc|iPhoneSimulator.ActiveCfg = Ad-Hoc|iPhoneSimulator
		{6CC20DEE-5C1D-40F4-8A82-70BC5F1DA6F6}.Ad-Hoc|iPhoneSimulator.Build.0 = Ad-Hoc|iPhoneSimulator
		{6CC20DEE-5C1D-40F4-8A82-70BC5F1DA6F6}.Ad-Hoc|iPhoneSimulator.Deploy.0 = Ad-Hoc|iPhoneSimulator
		{6CC20DEE-5C1D-40F4-8A82-70BC5F1DA6F6}.Ad-Hoc|x64.ActiveCfg = Ad-Hoc|iPhone
		{6CC20DEE-5C1D-40F4-8A82-70BC5F1DA6F6}.Ad-Hoc|x64.Build.0 = Ad-Hoc|iPhone
		{6CC20DEE-5C1D-40F4-8A82-70BC5F1DA6F6}.Ad-Hoc|x64.Deploy.0 = Ad-Hoc|iPhone
		{6CC20DEE-5C1D-40F4-8A82-70BC5F1DA6F6}.Ad-Hoc|x86.ActiveCfg = Ad-Hoc|iPhone
		{6CC20DEE-5C1D-40F4-8A82-70BC5F1DA6F6}.Ad-Hoc|x86.Build.0 = Ad-Hoc|iPhone
		{6CC20DEE-5C1D-40F4-8A82-70BC5F1DA6F6}.Ad-Hoc|x86.Deploy.0 = Ad-Hoc|iPhone
		{6CC20DEE-5C1D-40F4-8A82-70BC5F1DA6F6}.AppStore|Any CPU.ActiveCfg = AppStore|iPhone
		{6CC20DEE-5C1D-40F4-8A82-70BC5F1DA6F6}.AppStore|Any CPU.Build.0 = AppStore|iPhone
		{6CC20DEE-5C1D-40F4-8A82-70BC5F1DA6F6}.AppStore|Any CPU.Deploy.0 = AppStore|iPhone
		{6CC20DEE-5C1D-40F4-8A82-70BC5F1DA6F6}.AppStore|ARM.ActiveCfg = AppStore|iPhone
		{6CC20DEE-5C1D-40F4-8A82-70BC5F1DA6F6}.AppStore|ARM.Build.0 = AppStore|iPhone
		{6CC20DEE-5C1D-40F4-8A82-70BC5F1DA6F6}.AppStore|ARM.Deploy.0 = AppStore|iPhone
		{6CC20DEE-5C1D-40F4-8A82-70BC5F1DA6F6}.AppStore|iPhone.ActiveCfg = AppStore|iPhone
		{6CC20DEE-5C1D-40F4-8A82-70BC5F1DA6F6}.AppStore|iPhone.Build.0 = AppStore|iPhone
		{6CC20DEE-5C1D-40F4-8A82-70BC5F1DA6F6}.AppStore|iPhone.Deploy.0 = AppStore|iPhone
		{6CC20DEE-5C1D-40F4-8A82-70BC5F1DA6F6}.AppStore|iPhoneSimulator.ActiveCfg = AppStore|iPhoneSimulator
		{6CC20DEE-5C1D-40F4-8A82-70BC5F1DA6F6}.AppStore|iPhoneSimulator.Build.0 = AppStore|iPhoneSimulator
		{6CC20DEE-5C1D-40F4-8A82-70BC5F1DA6F6}.AppStore|iPhoneSimulator.Deploy.0 = AppStore|iPhoneSimulator
		{6CC20DEE-5C1D-40F4-8A82-70BC5F1DA6F6}.AppStore|x64.ActiveCfg = AppStore|iPhone
		{6CC20DEE-5C1D-40F4-8A82-70BC5F1DA6F6}.AppStore|x64.Build.0 = AppStore|iPhone
		{6CC20DEE-5C1D-40F4-8A82-70BC5F1DA6F6}.AppStore|x64.Deploy.0 = AppStore|iPhone
		{6CC20DEE-5C1D-40F4-8A82-70BC5F1DA6F6}.AppStore|x86.ActiveCfg = AppStore|iPhone
		{6CC20DEE-5C1D-40F4-8A82-70BC5F1DA6F6}.AppStore|x86.Build.0 = AppStore|iPhone
		{6CC20DEE-5C1D-40F4-8A82-70BC5F1DA6F6}.AppStore|x86.Deploy.0 = AppStore|iPhone
		{6CC20DEE-5C1D-40F4-8A82-70BC5F1DA6F6}.Debug|Any CPU.ActiveCfg = Debug|iPhoneSimulator
		{6CC20DEE-5C1D-40F4-8A82-70BC5F1DA6F6}.Debug|Any CPU.Build.0 = Debug|iPhoneSimulator
		{6CC20DEE-5C1D-40F4-8A82-70BC5F1DA6F6}.Debug|Any CPU.Deploy.0 = Debug|iPhoneSimulator
		{6CC20DEE-5C1D-40F4-8A82-70BC5F1DA6F6}.Debug|ARM.ActiveCfg = Debug|iPhone
		{6CC20DEE-5C1D-40F4-8A82-70BC5F1DA6F6}.Debug|ARM.Build.0 = Debug|iPhone
		{6CC20DEE-5C1D-40F4-8A82-70BC5F1DA6F6}.Debug|ARM.Deploy.0 = Debug|iPhone
		{6CC20DEE-5C1D-40F4-8A82-70BC5F1DA6F6}.Debug|iPhone.ActiveCfg = Debug|iPhone
		{6CC20DEE-5C1D-40F4-8A82-70BC5F1DA6F6}.Debug|iPhone.Build.0 = Debug|iPhone
		{6CC20DEE-5C1D-40F4-8A82-70BC5F1DA6F6}.Debug|iPhone.Deploy.0 = Debug|iPhone
		{6CC20DEE-5C1D-40F4-8A82-70BC5F1DA6F6}.Debug|iPhoneSimulator.ActiveCfg = Debug|iPhoneSimulator
		{6CC20DEE-5C1D-40F4-8A82-70BC5F1DA6F6}.Debug|iPhoneSimulator.Build.0 = Debug|iPhoneSimulator
		{6CC20DEE-5C1D-40F4-8A82-70BC5F1DA6F6}.Debug|iPhoneSimulator.Deploy.0 = Debug|iPhoneSimulator
		{6CC20DEE-5C1D-40F4-8A82-70BC5F1DA6F6}.Debug|x64.ActiveCfg = Debug|iPhone
		{6CC20DEE-5C1D-40F4-8A82-70BC5F1DA6F6}.Debug|x64.Build.0 = Debug|iPhone
		{6CC20DEE-5C1D-40F4-8A82-70BC5F1DA6F6}.Debug|x64.Deploy.0 = Debug|iPhone
		{6CC20DEE-5C1D-40F4-8A82-70BC5F1DA6F6}.Debug|x86.ActiveCfg = Debug|iPhone
		{6CC20DEE-5C1D-40F4-8A82-70BC5F1DA6F6}.Debug|x86.Build.0 = Debug|iPhone
		{6CC20DEE-5C1D-40F4-8A82-70BC5F1DA6F6}.Debug|x86.Deploy.0 = Debug|iPhone
		{6CC20DEE-5C1D-40F4-8A82-70BC5F1DA6F6}.Release|Any CPU.ActiveCfg = Release|iPhone
		{6CC20DEE-5C1D-40F4-8A82-70BC5F1DA6F6}.Release|Any CPU.Build.0 = Release|iPhone
		{6CC20DEE-5C1D-40F4-8A82-70BC5F1DA6F6}.Release|Any CPU.Deploy.0 = Release|iPhone
		{6CC20DEE-5C1D-40F4-8A82-70BC5F1DA6F6}.Release|ARM.ActiveCfg = Release|iPhone
		{6CC20DEE-5C1D-40F4-8A82-70BC5F1DA6F6}.Release|ARM.Build.0 = Release|iPhone
		{6CC20DEE-5C1D-40F4-8A82-70BC5F1DA6F6}.Release|ARM.Deploy.0 = Release|iPhone
		{6CC20DEE-5C1D-40F4-8A82-70BC5F1DA6F6}.Release|iPhone.ActiveCfg = Release|iPhone
		{6CC20DEE-5C1D-40F4-8A82-70BC5F1DA6F6}.Release|iPhone.Build.0 = Release|iPhone
		{6CC20DEE-5C1D-40F4-8A82-70BC5F1DA6F6}.Release|iPhone.Deploy.0 = Release|iPhone
		{6CC20DEE-5C1D-40F4-8A82-70BC5F1DA6F6}.Release|iPhoneSimulator.ActiveCfg = Release|iPhoneSimulator
		{6CC20DEE-5C1D-40F4-8A82-70BC5F1DA6F6}.Release|iPhoneSimulator.Build.0 = Release|iPhoneSimulator
		{6CC20DEE-5C1D-40F4-8A82-70BC5F1DA6F6}.Release|iPhoneSimulator.Deploy.0 = Release|iPhoneSimulator
		{6CC20DEE-5C1D-40F4-8A82-70BC5F1DA6F6}.Release|x64.ActiveCfg = Release|iPhone
		{6CC20DEE-5C1D-40F4-8A82-70BC5F1DA6F6}.Release|x64.Build.0 = Release|iPhone
		{6CC20DEE-5C1D-40F4-8A82-70BC5F1DA6F6}.Release|x64.Deploy.0 = Release|iPhone
		{6CC20DEE-5C1D-40F4-8A82-70BC5F1DA6F6}.Release|x86.ActiveCfg = Release|iPhone
		{6CC20DEE-5C1D-40F4-8A82-70BC5F1DA6F6}.Release|x86.Build.0 = Release|iPhone
		{6CC20DEE-5C1D-40F4-8A82-70BC5F1DA6F6}.Release|x86.Deploy.0 = Release|iPhone
		{9E52C8B0-F618-4D42-8766-EE8A18CE33E5}.Ad-Hoc|Any CPU.ActiveCfg = Release|x86
		{9E52C8B0-F618-4D42-8766-EE8A18CE33E5}.Ad-Hoc|Any CPU.Build.0 = Release|x86
		{9E52C8B0-F618-4D42-8766-EE8A18CE33E5}.Ad-Hoc|Any CPU.Deploy.0 = Release|x86
		{9E52C8B0-F618-4D42-8766-EE8A18CE33E5}.Ad-Hoc|ARM.ActiveCfg = Release|ARM
		{9E52C8B0-F618-4D42-8766-EE8A18CE33E5}.Ad-Hoc|ARM.Build.0 = Release|ARM
		{9E52C8B0-F618-4D42-8766-EE8A18CE33E5}.Ad-Hoc|ARM.Deploy.0 = Release|ARM
		{9E52C8B0-F618-4D42-8766-EE8A18CE33E5}.Ad-Hoc|iPhone.ActiveCfg = Release|x86
		{9E52C8B0-F618-4D42-8766-EE8A18CE33E5}.Ad-Hoc|iPhone.Build.0 = Release|x86
		{9E52C8B0-F618-4D42-8766-EE8A18CE33E5}.Ad-Hoc|iPhone.Deploy.0 = Release|x86
		{9E52C8B0-F618-4D42-8766-EE8A18CE33E5}.Ad-Hoc|iPhoneSimulator.ActiveCfg = Release|x86
		{9E52C8B0-F618-4D42-8766-EE8A18CE33E5}.Ad-Hoc|iPhoneSimulator.Build.0 = Release|x86
		{9E52C8B0-F618-4D42-8766-EE8A18CE33E5}.Ad-Hoc|iPhoneSimulator.Deploy.0 = Release|x86
		{9E52C8B0-F618-4D42-8766-EE8A18CE33E5}.Ad-Hoc|x64.ActiveCfg = Release|x64
		{9E52C8B0-F618-4D42-8766-EE8A18CE33E5}.Ad-Hoc|x64.Build.0 = Release|x64
		{9E52C8B0-F618-4D42-8766-EE8A18CE33E5}.Ad-Hoc|x64.Deploy.0 = Release|x64
		{9E52C8B0-F618-4D42-8766-EE8A18CE33E5}.Ad-Hoc|x86.ActiveCfg = Release|x86
		{9E52C8B0-F618-4D42-8766-EE8A18CE33E5}.Ad-Hoc|x86.Build.0 = Release|x86
		{9E52C8B0-F618-4D42-8766-EE8A18CE33E5}.Ad-Hoc|x86.Deploy.0 = Release|x86
		{9E52C8B0-F618-4D42-8766-EE8A18CE33E5}.AppStore|Any CPU.ActiveCfg = Release|x86
		{9E52C8B0-F618-4D42-8766-EE8A18CE33E5}.AppStore|Any CPU.Build.0 = Release|x86
		{9E52C8B0-F618-4D42-8766-EE8A18CE33E5}.AppStore|Any CPU.Deploy.0 = Release|x86
		{9E52C8B0-F618-4D42-8766-EE8A18CE33E5}.AppStore|ARM.ActiveCfg = Release|ARM
		{9E52C8B0-F618-4D42-8766-EE8A18CE33E5}.AppStore|ARM.Build.0 = Release|ARM
		{9E52C8B0-F618-4D42-8766-EE8A18CE33E5}.AppStore|ARM.Deploy.0 = Release|ARM
		{9E52C8B0-F618-4D42-8766-EE8A18CE33E5}.AppStore|iPhone.ActiveCfg = Release|x86
		{9E52C8B0-F618-4D42-8766-EE8A18CE33E5}.AppStore|iPhone.Build.0 = Release|x86
		{9E52C8B0-F618-4D42-8766-EE8A18CE33E5}.AppStore|iPhone.Deploy.0 = Release|x86
		{9E52C8B0-F618-4D42-8766-EE8A18CE33E5}.AppStore|iPhoneSimulator.ActiveCfg = Release|x86
		{9E52C8B0-F618-4D42-8766-EE8A18CE33E5}.AppStore|iPhoneSimulator.Build.0 = Release|x86
		{9E52C8B0-F618-4D42-8766-EE8A18CE33E5}.AppStore|iPhoneSimulator.Deploy.0 = Release|x86
		{9E52C8B0-F618-4D42-8766-EE8A18CE33E5}.AppStore|x64.ActiveCfg = Release|x64
		{9E52C8B0-F618-4D42-8766-EE8A18CE33E5}.AppStore|x64.Build.0 = Release|x64
		{9E52C8B0-F618-4D42-8766-EE8A18CE33E5}.AppStore|x64.Deploy.0 = Release|x64
		{9E52C8B0-F618-4D42-8766-EE8A18CE33E5}.AppStore|x86.ActiveCfg = Release|x86
		{9E52C8B0-F618-4D42-8766-EE8A18CE33E5}.AppStore|x86.Build.0 = Release|x86
		{9E52C8B0-F618-4D42-8766-EE8A18CE33E5}.AppStore|x86.Deploy.0 = Release|x86
		{9E52C8B0-F618-4D42-8766-EE8A18CE33E5}.Debug|Any CPU.ActiveCfg = Debug|x86
		{9E52C8B0-F618-4D42-8766-EE8A18CE33E5}.Debug|Any CPU.Build.0 = Debug|x86
		{9E52C8B0-F618-4D42-8766-EE8A18CE33E5}.Debug|Any CPU.Deploy.0 = Debug|x86
		{9E52C8B0-F618-4D42-8766-EE8A18CE33E5}.Debug|ARM.ActiveCfg = Debug|ARM
		{9E52C8B0-F618-4D42-8766-EE8A18CE33E5}.Debug|ARM.Build.0 = Debug|ARM
		{9E52C8B0-F618-4D42-8766-EE8A18CE33E5}.Debug|ARM.Deploy.0 = Debug|ARM
		{9E52C8B0-F618-4D42-8766-EE8A18CE33E5}.Debug|iPhone.ActiveCfg = Debug|x86
		{9E52C8B0-F618-4D42-8766-EE8A18CE33E5}.Debug|iPhone.Build.0 = Debug|x86
		{9E52C8B0-F618-4D42-8766-EE8A18CE33E5}.Debug|iPhone.Deploy.0 = Debug|x86
		{9E52C8B0-F618-4D42-8766-EE8A18CE33E5}.Debug|iPhoneSimulator.ActiveCfg = Debug|x86
		{9E52C8B0-F618-4D42-8766-EE8A18CE33E5}.Debug|iPhoneSimulator.Build.0 = Debug|x86
		{9E52C8B0-F618-4D42-8766-EE8A18CE33E5}.Debug|iPhoneSimulator.Deploy.0 = Debug|x86
		{9E52C8B0-F618-4D42-8766-EE8A18CE33E5}.Debug|x64.ActiveCfg = Debug|x64
		{9E52C8B0-F618-4D42-8766-EE8A18CE33E5}.Debug|x64.Build.0 = Debug|x64
		{9E52C8B0-F618-4D42-8766-EE8A18CE33E5}.Debug|x64.Deploy.0 = Debug|x64
		{9E52C8B0-F618-4D42-8766-EE8A18CE33E5}.Debug|x86.ActiveCfg = Debug|x86
		{9E52C8B0-F618-4D42-8766-EE8A18CE33E5}.Debug|x86.Build.0 = Debug|x86
		{9E52C8B0-F618-4D42-8766-EE8A18CE33E5}.Debug|x86.Deploy.0 = Debug|x86
		{9E52C8B0-F618-4D42-8766-EE8A18CE33E5}.Release|Any CPU.ActiveCfg = Release|x86
		{9E52C8B0-F618-4D42-8766-EE8A18CE33E5}.Release|Any CPU.Build.0 = Release|x86
		{9E52C8B0-F618-4D42-8766-EE8A18CE33E5}.Release|Any CPU.Deploy.0 = Release|x86
		{9E52C8B0-F618-4D42-8766-EE8A18CE33E5}.Release|ARM.ActiveCfg = Release|ARM
		{9E52C8B0-F618-4D42-8766-EE8A18CE33E5}.Release|ARM.Build.0 = Release|ARM
		{9E52C8B0-F618-4D42-8766-EE8A18CE33E5}.Release|ARM.Deploy.0 = Release|ARM
		{9E52C8B0-F618-4D42-8766-EE8A18CE33E5}.Release|iPhone.ActiveCfg = Release|x86
		{9E52C8B0-F618-4D42-8766-EE8A18CE33E5}.Release|iPhone.Build.0 = Release|x86
		{9E52C8B0-F618-4D42-8766-EE8A18CE33E5}.Release|iPhone.Deploy.0 = Release|x86
		{9E52C8B0-F618-4D42-8766-EE8A18CE33E5}.Release|iPhoneSimulator.ActiveCfg = Release|x86
		{9E52C8B0-F618-4D42-8766-EE8A18CE33E5}.Release|iPhoneSimulator.Build.0 = Release|x86
		{9E52C8B0-F618-4D42-8766-EE8A18CE33E5}.Release|iPhoneSimulator.Deploy.0 = Release|x86
		{9E52C8B0-F618-4D42-8766-EE8A18CE33E5}.Release|x64.ActiveCfg = Release|x64
		{9E52C8B0-F618-4D42-8766-EE8A18CE33E5}.Release|x64.Build.0 = Release|x64
		{9E52C8B0-F618-4D42-8766-EE8A18CE33E5}.Release|x64.Deploy.0 = Release|x64
		{9E52C8B0-F618-4D42-8766-EE8A18CE33E5}.Release|x86.ActiveCfg = Release|x86
		{9E52C8B0-F618-4D42-8766-EE8A18CE33E5}.Release|x86.Build.0 = Release|x86
		{9E52C8B0-F618-4D42-8766-EE8A18CE33E5}.Release|x86.Deploy.0 = Release|x86
		{40F6BBF6-F6F0-46A6-85A4-1A02D531DBE9}.Ad-Hoc|Any CPU.ActiveCfg = Debug|Any CPU
		{40F6BBF6-F6F0-46A6-85A4-1A02D531DBE9}.Ad-Hoc|Any CPU.Build.0 = Debug|Any CPU
		{40F6BBF6-F6F0-46A6-85A4-1A02D531DBE9}.Ad-Hoc|Any CPU.Deploy.0 = Debug|Any CPU
		{40F6BBF6-F6F0-46A6-85A4-1A02D531DBE9}.Ad-Hoc|ARM.ActiveCfg = Debug|Any CPU
		{40F6BBF6-F6F0-46A6-85A4-1A02D531DBE9}.Ad-Hoc|ARM.Build.0 = Debug|Any CPU
		{40F6BBF6-F6F0-46A6-85A4-1A02D531DBE9}.Ad-Hoc|ARM.Deploy.0 = Debug|Any CPU
		{40F6BBF6-F6F0-46A6-85A4-1A02D531DBE9}.Ad-Hoc|iPhone.ActiveCfg = Debug|Any CPU
		{40F6BBF6-F6F0-46A6-85A4-1A02D531DBE9}.Ad-Hoc|iPhone.Build.0 = Debug|Any CPU
		{40F6BBF6-F6F0-46A6-85A4-1A02D531DBE9}.Ad-Hoc|iPhone.Deploy.0 = Debug|Any CPU
		{40F6BBF6-F6F0-46A6-85A4-1A02D531DBE9}.Ad-Hoc|iPhoneSimulator.ActiveCfg = Debug|Any CPU
		{40F6BBF6-F6F0-46A6-85A4-1A02D531DBE9}.Ad-Hoc|iPhoneSimulator.Build.0 = Debug|Any CPU
		{40F6BBF6-F6F0-46A6-85A4-1A02D531DBE9}.Ad-Hoc|iPhoneSimulator.Deploy.0 = Debug|Any CPU
		{40F6BBF6-F6F0-46A6-85A4-1A02D531DBE9}.Ad-Hoc|x64.ActiveCfg = Debug|Any CPU
		{40F6BBF6-F6F0-46A6-85A4-1A02D531DBE9}.Ad-Hoc|x64.Build.0 = Debug|Any CPU
		{40F6BBF6-F6F0-46A6-85A4-1A02D531DBE9}.Ad-Hoc|x64.Deploy.0 = Debug|Any CPU
		{40F6BBF6-F6F0-46A6-85A4-1A02D531DBE9}.Ad-Hoc|x86.ActiveCfg = Debug|Any CPU
		{40F6BBF6-F6F0-46A6-85A4-1A02D531DBE9}.Ad-Hoc|x86.Build.0 = Debug|Any CPU
		{40F6BBF6-F6F0-46A6-85A4-1A02D531DBE9}.Ad-Hoc|x86.Deploy.0 = Debug|Any CPU
		{40F6BBF6-F6F0-46A6-85A4-1A02D531DBE9}.AppStore|Any CPU.ActiveCfg = Debug|Any CPU
		{40F6BBF6-F6F0-46A6-85A4-1A02D531DBE9}.AppStore|Any CPU.Build.0 = Debug|Any CPU
		{40F6BBF6-F6F0-46A6-85A4-1A02D531DBE9}.AppStore|Any CPU.Deploy.0 = Debug|Any CPU
		{40F6BBF6-F6F0-46A6-85A4-1A02D531DBE9}.AppStore|ARM.ActiveCfg = Debug|Any CPU
		{40F6BBF6-F6F0-46A6-85A4-1A02D531DBE9}.AppStore|ARM.Build.0 = Debug|Any CPU
		{40F6BBF6-F6F0-46A6-85A4-1A02D531DBE9}.AppStore|ARM.Deploy.0 = Debug|Any CPU
		{40F6BBF6-F6F0-46A6-85A4-1A02D531DBE9}.AppStore|iPhone.ActiveCfg = Debug|Any CPU
		{40F6BBF6-F6F0-46A6-85A4-1A02D531DBE9}.AppStore|iPhone.Build.0 = Debug|Any CPU
		{40F6BBF6-F6F0-46A6-85A4-1A02D531DBE9}.AppStore|iPhone.Deploy.0 = Debug|Any CPU
		{40F6BBF6-F6F0-46A6-85A4-1A02D531DBE9}.AppStore|iPhoneSimulator.ActiveCfg = Debug|Any CPU
		{40F6BBF6-F6F0-46A6-85A4-1A02D531DBE9}.AppStore|iPhoneSimulator.Build.0 = Debug|Any CPU
		{40F6BBF6-F6F0-46A6-85A4-1A02D531DBE9}.AppStore|iPhoneSimulator.Deploy.0 = Debug|Any CPU
		{40F6BBF6-F6F0-46A6-85A4-1A02D531DBE9}.AppStore|x64.ActiveCfg = Debug|Any CPU
		{40F6BBF6-F6F0-46A6-85A4-1A02D531DBE9}.AppStore|x64.Build.0 = Debug|Any CPU
		{40F6BBF6-F6F0-46A6-85A4-1A02D531DBE9}.AppStore|x64.Deploy.0 = Debug|Any CPU
		{40F6BBF6-F6F0-46A6-85A4-1A02D531DBE9}.AppStore|x86.ActiveCfg = Debug|Any CPU
		{40F6BBF6-F6F0-46A6-85A4-1A02D531DBE9}.AppStore|x86.Build.0 = Debug|Any CPU
		{40F6BBF6-F6F0-46A6-85A4-1A02D531DBE9}.AppStore|x86.Deploy.0 = Debug|Any CPU
		{40F6BBF6-F6F0-46A6-85A4-1A02D531DBE9}.Debug|Any CPU.ActiveCfg = Debug|Any CPU
		{40F6BBF6-F6F0-46A6-85A4-1A02D531DBE9}.Debug|Any CPU.Build.0 = Debug|Any CPU
		{40F6BBF6-F6F0-46A6-85A4-1A02D531DBE9}.Debug|Any CPU.Deploy.0 = Debug|Any CPU
		{40F6BBF6-F6F0-46A6-85A4-1A02D531DBE9}.Debug|ARM.ActiveCfg = Debug|Any CPU
		{40F6BBF6-F6F0-46A6-85A4-1A02D531DBE9}.Debug|ARM.Build.0 = Debug|Any CPU
		{40F6BBF6-F6F0-46A6-85A4-1A02D531DBE9}.Debug|ARM.Deploy.0 = Debug|Any CPU
		{40F6BBF6-F6F0-46A6-85A4-1A02D531DBE9}.Debug|iPhone.ActiveCfg = Debug|Any CPU
		{40F6BBF6-F6F0-46A6-85A4-1A02D531DBE9}.Debug|iPhone.Build.0 = Debug|Any CPU
		{40F6BBF6-F6F0-46A6-85A4-1A02D531DBE9}.Debug|iPhone.Deploy.0 = Debug|Any CPU
		{40F6BBF6-F6F0-46A6-85A4-1A02D531DBE9}.Debug|iPhoneSimulator.ActiveCfg = Debug|Any CPU
		{40F6BBF6-F6F0-46A6-85A4-1A02D531DBE9}.Debug|iPhoneSimulator.Build.0 = Debug|Any CPU
		{40F6BBF6-F6F0-46A6-85A4-1A02D531DBE9}.Debug|iPhoneSimulator.Deploy.0 = Debug|Any CPU
		{40F6BBF6-F6F0-46A6-85A4-1A02D531DBE9}.Debug|x64.ActiveCfg = Debug|Any CPU
		{40F6BBF6-F6F0-46A6-85A4-1A02D531DBE9}.Debug|x64.Build.0 = Debug|Any CPU
		{40F6BBF6-F6F0-46A6-85A4-1A02D531DBE9}.Debug|x64.Deploy.0 = Debug|Any CPU
		{40F6BBF6-F6F0-46A6-85A4-1A02D531DBE9}.Debug|x86.ActiveCfg = Debug|Any CPU
		{40F6BBF6-F6F0-46A6-85A4-1A02D531DBE9}.Debug|x86.Build.0 = Debug|Any CPU
		{40F6BBF6-F6F0-46A6-85A4-1A02D531DBE9}.Debug|x86.Deploy.0 = Debug|Any CPU
		{40F6BBF6-F6F0-46A6-85A4-1A02D531DBE9}.Release|Any CPU.ActiveCfg = Release|Any CPU
		{40F6BBF6-F6F0-46A6-85A4-1A02D531DBE9}.Release|Any CPU.Build.0 = Release|Any CPU
		{40F6BBF6-F6F0-46A6-85A4-1A02D531DBE9}.Release|Any CPU.Deploy.0 = Release|Any CPU
		{40F6BBF6-F6F0-46A6-85A4-1A02D531DBE9}.Release|ARM.ActiveCfg = Release|Any CPU
		{40F6BBF6-F6F0-46A6-85A4-1A02D531DBE9}.Release|ARM.Build.0 = Release|Any CPU
		{40F6BBF6-F6F0-46A6-85A4-1A02D531DBE9}.Release|ARM.Deploy.0 = Release|Any CPU
		{40F6BBF6-F6F0-46A6-85A4-1A02D531DBE9}.Release|iPhone.ActiveCfg = Release|Any CPU
		{40F6BBF6-F6F0-46A6-85A4-1A02D531DBE9}.Release|iPhone.Build.0 = Release|Any CPU
		{40F6BBF6-F6F0-46A6-85A4-1A02D531DBE9}.Release|iPhone.Deploy.0 = Release|Any CPU
		{40F6BBF6-F6F0-46A6-85A4-1A02D531DBE9}.Release|iPhoneSimulator.ActiveCfg = Release|Any CPU
		{40F6BBF6-F6F0-46A6-85A4-1A02D531DBE9}.Release|iPhoneSimulator.Build.0 = Release|Any CPU
		{40F6BBF6-F6F0-46A6-85A4-1A02D531DBE9}.Release|iPhoneSimulator.Deploy.0 = Release|Any CPU
		{40F6BBF6-F6F0-46A6-85A4-1A02D531DBE9}.Release|x64.ActiveCfg = Release|Any CPU
		{40F6BBF6-F6F0-46A6-85A4-1A02D531DBE9}.Release|x64.Build.0 = Release|Any CPU
		{40F6BBF6-F6F0-46A6-85A4-1A02D531DBE9}.Release|x64.Deploy.0 = Release|Any CPU
		{40F6BBF6-F6F0-46A6-85A4-1A02D531DBE9}.Release|x86.ActiveCfg = Release|Any CPU
		{40F6BBF6-F6F0-46A6-85A4-1A02D531DBE9}.Release|x86.Build.0 = Release|Any CPU
		{40F6BBF6-F6F0-46A6-85A4-1A02D531DBE9}.Release|x86.Deploy.0 = Release|Any CPU
	EndGlobalSection
	GlobalSection(SolutionProperties) = preSolution
		HideSolutionNode = FALSE
	EndGlobalSection
	GlobalSection(ExtensibilityGlobals) = postSolution
		SolutionGuid = {A156144C-2CCF-47BB-9537-CD572CE8A61B}
	EndGlobalSection
EndGlobal
